
Microsoft Visual Studio Solution File, Format Version 12.00
# Visual Studio Version 17
VisualStudioVersion = 17.14.36127.28 d17.14
MinimumVisualStudioVersion = 10.0.40219.1
Project("{8BC9CEB8-8B4A-11D0-8D11-00A0C91BC942}") = "ADT", "ADT.vcxproj", "{1FE04D7F-0A5F-40A8-AE38-C990BA59F381}"
EndProject
Global
	GlobalSection(SolutionConfigurationPlatforms) = preSolution
		Debug|x64 = Debug|x64
		Debug|x86 = Debug|x86
		Release|x64 = Release|x64
		Release|x86 = Release|x86
	EndGlobalSection
	GlobalSection(ProjectConfigurationPlatforms) = postSolution
		{1FE04D7F-0A5F-40A8-AE38-C990BA59F381}.Debug|x64.ActiveCfg = Debug|x64
		{1FE04D7F-0A5F-40A8-AE38-C990BA59F381}.Debug|x64.Build.0 = Debug|x64
		{1FE04D7F-0A5F-40A8-AE38-C990BA59F381}.Debug|x86.ActiveCfg = Debug|Win32
		{1FE04D7F-0A5F-40A8-AE38-C990BA59F381}.Debug|x86.Build.0 = Debug|Win32
		{1FE04D7F-0A5F-40A8-AE38-C990BA59F381}.Release|x64.ActiveCfg = Release|x64
		{1FE04D7F-0A5F-40A8-AE38-C990BA59F381}.Release|x64.Build.0 = Release|x64
		{1FE04D7F-0A5F-40A8-AE38-C990BA59F381}.Release|x86.ActiveCfg = Release|Win32
		{1FE04D7F-0A5F-40A8-AE38-C990BA59F381}.Release|x86.Build.0 = Release|Win32
	EndGlobalSection
	GlobalSection(SolutionProperties) = preSolution
		HideSolutionNode = FALSE
	EndGlobalSection
	GlobalSection(ExtensibilityGlobals) = postSolution
		SolutionGuid = {42D05940-0F6A-40AD-A3A5-549753AA9505}
	EndGlobalSection
EndGlobal
