
Microsoft Visual Studio Solution File, Format Version 12.00
# Visual Studio Version 17
VisualStudioVersion = 17.14.36127.28 d17.14
MinimumVisualStudioVersion = 10.0.40219.1
Project("{8BC9CEB8-8B4A-11D0-8D11-00A0C91BC942}") = "AnomalyBuild", "AnomalyBuild.vcxproj", "{7964791D-0120-4965-953E-C2B41D36EFBB}"
EndProject
Global
	GlobalSection(SolutionConfigurationPlatforms) = preSolution
		Debug|x64 = Debug|x64
		Release|x64 = Release|x64
	EndGlobalSection
	GlobalSection(ProjectConfigurationPlatforms) = postSolution
		{7964791D-0120-4965-953E-C2B41D36EFBB}.Debug|x64.ActiveCfg = Debug|x64
		{7964791D-0120-4965-953E-C2B41D36EFBB}.Debug|x64.Build.0 = Debug|x64
		{7964791D-0120-4965-953E-C2B41D36EFBB}.Release|x64.ActiveCfg = Release|x64
		{7964791D-0120-4965-953E-C2B41D36EFBB}.Release|x64.Build.0 = Release|x64
	EndGlobalSection
	GlobalSection(SolutionProperties) = preSolution
		HideSolutionNode = FALSE
	EndGlobalSection
	GlobalSection(ExtensibilityGlobals) = postSolution
		SolutionGuid = {EF2E7F45-5D49-4919-BFD1-35313612E866}
	EndGlobalSection
EndGlobal
